
Microsoft Visual Studio Solution File, Format Version 12.00
# Visual Studio Version 16
VisualStudioVersion = 16.0.29123.88
MinimumVisualStudioVersion = 10.0.40219.1
Project("{FAE04EC0-301F-11D3-BF4B-00C04F79EFBC}") = "LuteBot", "LuteBot\LuteBot.csproj", "{3EC86B25-181A-4FA9-AE99-8BF461A37739}"
EndProject
Project("{FAE04EC0-301F-11D3-BF4B-00C04F79EFBC}") = "LuteBotUpdater", "LuteBotUpdater\LuteBotUpdater.csproj", "{57807DCC-BA9B-45ED-B42A-E61F2CA9D882}"
EndProject
Global
	GlobalSection(SolutionConfigurationPlatforms) = preSolution
		Debug|Any CPU = Debug|Any CPU
		Release|Any CPU = Release|Any CPU
	EndGlobalSection
	GlobalSection(ProjectConfigurationPlatforms) = postSolution
		{3EC86B25-181A-4FA9-AE99-8BF461A37739}.Debug|Any CPU.ActiveCfg = Debug|Any CPU
		{3EC86B25-181A-4FA9-AE99-8BF461A37739}.Debug|Any CPU.Build.0 = Debug|Any CPU
		{3EC86B25-181A-4FA9-AE99-8BF461A37739}.Release|Any CPU.ActiveCfg = Release|Any CPU
		{3EC86B25-181A-4FA9-AE99-8BF461A37739}.Release|Any CPU.Build.0 = Release|Any CPU
		{57807DCC-BA9B-45ED-B42A-E61F2CA9D882}.Debug|Any CPU.ActiveCfg = Debug|Any CPU
		{57807DCC-BA9B-45ED-B42A-E61F2CA9D882}.Debug|Any CPU.Build.0 = Debug|Any CPU
		{57807DCC-BA9B-45ED-B42A-E61F2CA9D882}.Release|Any CPU.ActiveCfg = Release|Any CPU
		{57807DCC-BA9B-45ED-B42A-E61F2CA9D882}.Release|Any CPU.Build.0 = Release|Any CPU
	EndGlobalSection
	GlobalSection(SolutionProperties) = preSolution
		HideSolutionNode = FALSE
	EndGlobalSection
	GlobalSection(ExtensibilityGlobals) = postSolution
		SolutionGuid = {B131AC5F-D0AF-474D-986D-0E4601B1E810}
	EndGlobalSection
EndGlobal
